PODS:
  - CallWaveKit (0.2.0)
  - MobileVLCKit (3.3.16.3)

DEPENDENCIES:
  - CallWaveKit (from `.`)
  - MobileVLCKit (= 3.3.16.3)

SPEC REPOS:
  trunk:
    - MobileVLCKit

EXTERNAL SOURCES:
  CallWaveKit:
    :path: "."

SPEC CHECKSUMS:
  CallWaveKit: cbaebafc9b604f1f1f7034130b12f3f69da24558
  MobileVLCKit: 2b408a9c5cc327353afab418fafbc942780b248a

PODFILE CHECKSUM: e771981f4449a05e1a61d74292f024b9b7d16312

COCOAPODS: 1.16.2
