PODS:
  - CallWaveKit (0.2.0)
  - MobileVLCKit (3.3.16.3)

DEPENDENCIES:
  - CallWaveKit (from `.`)
  - MobileVLCKit (= 3.3.16.3)

SPEC REPOS:
  trunk:
    - MobileVLCKit

EXTERNAL SOURCES:
  CallWaveKit:
    :path: "."

SPEC CHECKSUMS:
  CallWaveKit: 2d4f5ebe4c988463ad020249a72c8ed35fbc88aa
  MobileVLCKit: 2b408a9c5cc327353afab418fafbc942780b248a

PODFILE CHECKSUM: bce80c461857b36658747764ac091bfad3ae192c

COCOAPODS: 1.16.2
